{
    "_meta": {
        "hash": {
            "sha256": "4ca3ca98f5639e6def972876af508db83ee9b8014a02676a4d103194cdd28963"
        },
        "pipfile-spec": 6,
        "requires": {
            "python_version": "3.9"
        },
        "sources": [
            {
                "name": "pypi",
                "url": "https://pypi.org/simple",
                "verify_ssl": true
            }
        ]
    },
    "default": {},
    "develop": {}
}
